{
  "name": "@sihan-cli/core",
  "version": "0.0.10",
  "lockfileVersion": 3,
  "requires": true,
  "packages": {
    "": {
      "name": "@sihan-cli/core",
      "version": "0.0.10",
      "license": "ISC",
      "dependencies": {
        "@sihan-cli/utils": "file:../utils"
      }
    },
    "../utils": {
      "version": "0.0.8",
      "license": "ISC"
    },
    "node_modules/@sihan-cli/utils": {
      "resolved": "../utils",
      "link": true
    }
  }
}
